hash: 7b8ecd9296c40a873d12231e67daf23162c89a481682f3596a2c50ae0cd1484f
updated: 2016-06-23T00:07:23.517537096-04:00
imports:
- name: github.com/codegangsta/cli
  version: 71f57d300dd6a780ac1856c005c4b518cfd498ec
- name: github.com/Masterminds/glide
  version: 6cd634cbe70d7ae8638e54aacb5d69850378536c
  repo: git://github.com/heewa/glide.git
  subpackages:
  - action
  - cfg
  - msg
  - path
  - cache
  - dependency
  - gb
  - godep
  - gom
  - gpm
  - repo
  - tree
  - util
  - godep/strip
  - importer
- name: github.com/Masterminds/semver
  version: 808ed7761c233af2de3f9729a041d68c62527f3a
- name: github.com/Masterminds/vcs
  version: 7af28b64c5ec41b1558f5514fd938379822c237c
- name: gopkg.in/yaml.v2
  version: a83829b6f1293c91addabc89d0571c246397bbf4
devImports: []
