hash: 12e90e408adb42e99afd19a3e830539e81922ef751657f15b7fe003529887414
updated: 2016-06-23T12:07:39.965324354-04:00
imports:
- name: github.com/codegangsta/cli
  version: 71f57d300dd6a780ac1856c005c4b518cfd498ec
- name: github.com/heewa/glide-brew
  version: 57dd4e20c02964aeca1ce75727d0c728bfd36a2a
  subpackages:
  - brew
  - resource
- name: github.com/Masterminds/glide
  version: 22afecf135d9e686b2e0872ad34f03756552905d
  subpackages:
  - action
  - cfg
  - msg
  - path
  - cache
  - dependency
  - gb
  - godep
  - gom
  - gpm
  - repo
  - tree
  - util
  - godep/strip
  - importer
- name: github.com/Masterminds/semver
  version: 808ed7761c233af2de3f9729a041d68c62527f3a
- name: github.com/Masterminds/vcs
  version: 7af28b64c5ec41b1558f5514fd938379822c237c
- name: gopkg.in/yaml.v2
  version: a83829b6f1293c91addabc89d0571c246397bbf4
devImports: []
